// !$*UTF8*$!
{
	archiveVersion = 1;
	classes = {
	};
	objectVersion = 50;
	objects = {

/* Begin PBXBuildFile section */
		430EA469238EA3780043917D /* EmojiArtDocumentTableViewController.swift in Sources */ = {isa = PBXBuildFile; fileRef = 430EA468238EA3780043917D /* EmojiArtDocumentTableViewController.swift */; };
		43831632238AE98C0055E923 /* AppDelegate.swift in Sources */ = {isa = PBXBuildFile; fileRef = 43831631238AE98C0055E923 /* AppDelegate.swift */; };
		43831637238AE98C0055E923 /* Main.storyboard in Resources */ = {isa = PBXBuildFile; fileRef = 43831635238AE98C0055E923 /* Main.storyboard */; };
		43831639238AE98F0055E923 /* Assets.xcassets in Resources */ = {isa = PBXBuildFile; fileRef = 43831638238AE98F0055E923 /* Assets.xcassets */; };
		4383163C238AE98F0055E923 /* LaunchScreen.storyboard in Resources */ = {isa = PBXBuildFile; fileRef = 4383163A238AE98F0055E923 /* LaunchScreen.storyboard */; };
		43831645238C31080055E923 /* EmojiArtViewController.swift in Sources */ = {isa = PBXBuildFile; fileRef = 43831644238C31080055E923 /* EmojiArtViewController.swift */; };
		43831647238C315F0055E923 /* EmojiArtView.swift in Sources */ = {isa = PBXBuildFile; fileRef = 43831646238C315F0055E923 /* EmojiArtView.swift */; };
		43831649238C36210055E923 /* Utilities.swift in Sources */ = {isa = PBXBuildFile; fileRef = 43831648238C36200055E923 /* Utilities.swift */; };
		438B03BB2395625F0041EC71 /* EmojiCollectionViewCell.swift in Sources */ = {isa = PBXBuildFile; fileRef = 438B03BA2395625F0041EC71 /* EmojiCollectionViewCell.swift */; };
/* End PBXBuildFile section */

/* Begin PBXFileReference section */
		430EA468238EA3780043917D /* EmojiArtDocumentTableViewController.swift */ = {isa = PBXFileReference; lastKnownFileType = sourcecode.swift; name = EmojiArtDocumentTableViewController.swift; path = EmojiArt/EmojiArtDocumentTableViewController.swift; sourceTree = "<group>"; };
		4383162E238AE98C0055E923 /* EmojiArt.app */ = {isa = PBXFileReference; explicitFileType = wrapper.application; includeInIndex = 0; path = EmojiArt.app; sourceTree = BUILT_PRODUCTS_DIR; };
		43831631238AE98C0055E923 /* AppDelegate.swift */ = {isa = PBXFileReference; lastKnownFileType = sourcecode.swift; path = AppDelegate.swift; sourceTree = "<group>"; };
		43831636238AE98C0055E923 /* Base */ = {isa = PBXFileReference; lastKnownFileType = file.storyboard; name = Base; path = Base.lproj/Main.storyboard; sourceTree = "<group>"; };
		43831638238AE98F0055E923 /* Assets.xcassets */ = {isa = PBXFileReference; lastKnownFileType = folder.assetcatalog; path = Assets.xcassets; sourceTree = "<group>"; };
		4383163B238AE98F0055E923 /* Base */ = {isa = PBXFileReference; lastKnownFileType = file.storyboard; name = Base; path = Base.lproj/LaunchScreen.storyboard; sourceTree = "<group>"; };
		4383163D238AE98F0055E923 /* Info.plist */ = {isa = PBXFileReference; lastKnownFileType = text.plist.xml; path = Info.plist; sourceTree = "<group>"; };
		43831644238C31080055E923 /* EmojiArtViewController.swift */ = {isa = PBXFileReference; lastKnownFileType = sourcecode.swift; name = EmojiArtViewController.swift; path = EmojiArt/EmojiArtViewController.swift; sourceTree = "<group>"; };
		43831646238C315F0055E923 /* EmojiArtView.swift */ = {isa = PBXFileReference; lastKnownFileType = sourcecode.swift; name = EmojiArtView.swift; path = EmojiArt/EmojiArtView.swift; sourceTree = "<group>"; };
		43831648238C36200055E923 /* Utilities.swift */ = {isa = PBXFileReference; lastKnownFileType = sourcecode.swift; path = Utilities.swift; sourceTree = "<group>"; };
		438B03BA2395625F0041EC71 /* EmojiCollectionViewCell.swift */ = {isa = PBXFileReference; lastKnownFileType = sourcecode.swift; name = EmojiCollectionViewCell.swift; path = EmojiArt/EmojiCollectionViewCell.swift; sourceTree = "<group>"; };
/* End PBXFileReference section */

/* Begin PBXFrameworksBuildPhase section */
		4383162B238AE98C0055E923 /* Frameworks */ = {
			isa = PBXFrameworksBuildPhase;
			buildActionMask = 2147483647;
			files = (
			);
			runOnlyForDeploymentPostprocessing = 0;
		};
/* End PBXFrameworksBuildPhase section */

/* Begin PBXGroup section */
		43831625238AE98C0055E923 = {
			isa = PBXGroup;
			children = (
				43831648238C36200055E923 /* Utilities.swift */,
				43831646238C315F0055E923 /* EmojiArtView.swift */,
				43831644238C31080055E923 /* EmojiArtViewController.swift */,
				43831635238AE98C0055E923 /* Main.storyboard */,
				438B03BA2395625F0041EC71 /* EmojiCollectionViewCell.swift */,
				430EA468238EA3780043917D /* EmojiArtDocumentTableViewController.swift */,
				43831630238AE98C0055E923 /* EmojiArt */,
				4383162F238AE98C0055E923 /* Products */,
			);
			sourceTree = "<group>";
		};
		4383162F238AE98C0055E923 /* Products */ = {
			isa = PBXGroup;
			children = (
				4383162E238AE98C0055E923 /* EmojiArt.app */,
			);
			name = Products;
			sourceTree = "<group>";
		};
		43831630238AE98C0055E923 /* EmojiArt */ = {
			isa = PBXGroup;
			children = (
				43831643238AE9A10055E923 /* Supporting Files */,
				4383163D238AE98F0055E923 /* Info.plist */,
			);
			path = EmojiArt;
			sourceTree = "<group>";
		};
		43831643238AE9A10055E923 /* Supporting Files */ = {
			isa = PBXGroup;
			children = (
				43831631238AE98C0055E923 /* AppDelegate.swift */,
				43831638238AE98F0055E923 /* Assets.xcassets */,
				4383163A238AE98F0055E923 /* LaunchScreen.storyboard */,
			);
			path = "Supporting Files";
			sourceTree = "<group>";
		};
/* End PBXGroup section */

/* Begin PBXNativeTarget section */
		4383162D238AE98C0055E923 /* EmojiArt */ = {
			isa = PBXNativeTarget;
			buildConfigurationList = 43831640238AE98F0055E923 /* Build configuration list for PBXNativeTarget "EmojiArt" */;
			buildPhases = (
				4383162A238AE98C0055E923 /* Sources */,
				4383162B238AE98C0055E923 /* Frameworks */,
				4383162C238AE98C0055E923 /* Resources */,
			);
			buildRules = (
			);
			dependencies = (
			);
			name = EmojiArt;
			productName = EmojiArt;
			productReference = 4383162E238AE98C0055E923 /* EmojiArt.app */;
			productType = "com.apple.product-type.application";
		};
/* End PBXNativeTarget section */

/* Begin PBXProject section */
		43831626238AE98C0055E923 /* Project object */ = {
			isa = PBXProject;
			attributes = {
				LastSwiftUpdateCheck = 1030;
				LastUpgradeCheck = 1030;
				ORGANIZATIONNAME = HansolJang;
				TargetAttributes = {
					4383162D238AE98C0055E923 = {
						CreatedOnToolsVersion = 10.3;
					};
				};
			};
			buildConfigurationList = 43831629238AE98C0055E923 /* Build configuration list for PBXProject "EmojiArt" */;
			compatibilityVersion = "Xcode 9.3";
			developmentRegion = en;
			hasScannedForEncodings = 0;
			knownRegions = (
				en,
				Base,
			);
			mainGroup = 43831625238AE98C0055E923;
			productRefGroup = 4383162F238AE98C0055E923 /* Products */;
			projectDirPath = "";
			projectRoot = "";
			targets = (
				4383162D238AE98C0055E923 /* EmojiArt */,
			);
		};
/* End PBXProject section */

/* Begin PBXResourcesBuildPhase section */
		4383162C238AE98C0055E923 /* Resources */ = {
			isa = PBXResourcesBuildPhase;
			buildActionMask = 2147483647;
			files = (
				4383163C238AE98F0055E923 /* LaunchScreen.storyboard in Resources */,
				43831639238AE98F0055E923 /* Assets.xcassets in Resources */,
				43831637238AE98C0055E923 /* Main.storyboard in Resources */,
			);
			runOnlyForDeploymentPostprocessing = 0;
		};
/* End PBXResourcesBuildPhase section */

/* Begin PBXSourcesBuildPhase section */
		4383162A238AE98C0055E923 /* Sources */ = {
			isa = PBXSourcesBuildPhase;
			buildActionMask = 2147483647;
			files = (
				43831632238AE98C0055E923 /* AppDelegate.swift in Sources */,
				438B03BB2395625F0041EC71 /* EmojiCollectionViewCell.swift in Sources */,
				43831645238C31080055E923 /* EmojiArtViewController.swift in Sources */,
				43831649238C36210055E923 /* Utilities.swift in Sources */,
				430EA469238EA3780043917D /* EmojiArtDocumentTableViewController.swift in Sources */,
				43831647238C315F0055E923 /* EmojiArtView.swift in Sources */,
			);
			runOnlyForDeploymentPostprocessing = 0;
		};
/* End PBXSourcesBuildPhase section */

/* Begin PBXVariantGroup section */
		43831635238AE98C0055E923 /* Main.storyboard */ = {
			isa = PBXVariantGroup;
			children = (
				43831636238AE98C0055E923 /* Base */,
			);
			name = Main.storyboard;
			sourceTree = "<group>";
		};
		4383163A238AE98F0055E923 /* LaunchScreen.storyboard */ = {
			isa = PBXVariantGroup;
			children = (
				4383163B238AE98F0055E923 /* Base */,
			);
			name = LaunchScreen.storyboard;
			sourceTree = "<group>";
		};
/* End PBXVariantGroup section */

/* Begin XCBuildConfiguration section */
		4383163E238AE98F0055E923 /* Debug */ = {
			isa = XCBuildConfiguration;
			buildSettings = {
				ALWAYS_SEARCH_USER_PATHS = NO;
				CLANG_ANALYZER_NONNULL = YES;
				CLANG_ANALYZER_NUMBER_OBJECT_CONVERSION = YES_AGGRESSIVE;
				CLANG_CXX_LANGUAGE_STANDARD = "gnu++14";
				CLANG_CXX_LIBRARY = "libc++";
				CLANG_ENABLE_MODULES = YES;
				CLANG_ENABLE_OBJC_ARC = YES;
				CLANG_ENABLE_OBJC_WEAK = YES;
				CLANG_WARN_BLOCK_CAPTURE_AUTORELEASING = YES;
				CLANG_WARN_BOOL_CONVERSION = YES;
				CLANG_WARN_COMMA = YES;
				CLANG_WARN_CONSTANT_CONVERSION = YES;
				CLANG_WARN_DEPRECATED_OBJC_IMPLEMENTATIONS = YES;
				CLANG_WARN_DIRECT_OBJC_ISA_USAGE = YES_ERROR;
				CLANG_WARN_DOCUMENTATION_COMMENTS = YES;
				CLANG_WARN_EMPTY_BODY = YES;
				CLANG_WARN_ENUM_CONVERSION = YES;
				CLANG_WARN_INFINITE_RECURSION = YES;
				CLANG_WARN_INT_CONVERSION = YES;
				CLANG_WARN_NON_LITERAL_NULL_CONVERSION = YES;
				CLANG_WARN_OBJC_IMPLICIT_RETAIN_SELF = YES;
				CLANG_WARN_OBJC_LITERAL_CONVERSION = YES;
				CLANG_WARN_OBJC_ROOT_CLASS = YES_ERROR;
				CLANG_WARN_RANGE_LOOP_ANALYSIS = YES;
				CLANG_WARN_STRICT_PROTOTYPES = YES;
				CLANG_WARN_SUSPICIOUS_MOVE = YES;
				CLANG_WARN_UNGUARDED_AVAILABILITY = YES_AGGRESSIVE;
				CLANG_WARN_UNREACHABLE_CODE = YES;
				CLANG_WARN__DUPLICATE_METHOD_MATCH = YES;
				CODE_SIGN_IDENTITY = "iPhone Developer";
				COPY_PHASE_STRIP = NO;
				DEBUG_INFORMATION_FORMAT = dwarf;
				ENABLE_STRICT_OBJC_MSGSEND = YES;
				ENABLE_TESTABILITY = YES;
				GCC_C_LANGUAGE_STANDARD = gnu11;
				GCC_DYNAMIC_NO_PIC = NO;
				GCC_NO_COMMON_BLOCKS = YES;
				GCC_OPTIMIZATION_LEVEL = 0;
				GCC_PREPROCESSOR_DEFINITIONS = (
					"DEBUG=1",
					"$(inherited)",
				);
				GCC_WARN_64_TO_32_BIT_CONVERSION = YES;
				GCC_WARN_ABOUT_RETURN_TYPE = YES_ERROR;
				GCC_WARN_UNDECLARED_SELECTOR = YES;
				GCC_WARN_UNINITIALIZED_AUTOS = YES_AGGRESSIVE;
				GCC_WARN_UNUSED_FUNCTION = YES;
				GCC_WARN_UNUSED_VARIABLE = YES;
				IPHONEOS_DEPLOYMENT_TARGET = 12.4;
				MTL_ENABLE_DEBUG_INFO = INCLUDE_SOURCE;
				MTL_FAST_MATH = YES;
				ONLY_ACTIVE_ARCH = YES;
				SDKROOT = iphoneos;
				SWIFT_ACTIVE_COMPILATION_CONDITIONS = DEBUG;
				SWIFT_OPTIMIZATION_LEVEL = "-Onone";
			};
			name = Debug;
		};
		4383163F238AE98F0055E923 /* Release */ = {
			isa = XCBuildConfiguration;
			buildSettings = {
				ALWAYS_SEARCH_USER_PATHS = NO;
				CLANG_ANALYZER_NONNULL = YES;
				CLANG_ANALYZER_NUMBER_OBJECT_CONVERSION = YES_AGGRESSIVE;
				CLANG_CXX_LANGUAGE_STANDARD = "gnu++14";
				CLANG_CXX_LIBRARY = "libc++";
				CLANG_ENABLE_MODULES = YES;
				CLANG_ENABLE_OBJC_ARC = YES;
				CLANG_ENABLE_OBJC_WEAK = YES;
				CLANG_WARN_BLOCK_CAPTURE_AUTORELEASING = YES;
				CLANG_WARN_BOOL_CONVERSION = YES;
				CLANG_WARN_COMMA = YES;
				CLANG_WARN_CONSTANT_CONVERSION = YES;
				CLANG_WARN_DEPRECATED_OBJC_IMPLEMENTATIONS = YES;
				CLANG_WARN_DIRECT_OBJC_ISA_USAGE = YES_ERROR;
				CLANG_WARN_DOCUMENTATION_COMMENTS = YES;
				CLANG_WARN_EMPTY_BODY = YES;
				CLANG_WARN_ENUM_CONVERSION = YES;
				CLANG_WARN_INFINITE_RECURSION = YES;
				CLANG_WARN_INT_CONVERSION = YES;
				CLANG_WARN_NON_LITERAL_NULL_CONVERSION = YES;
				CLANG_WARN_OBJC_IMPLICIT_RETAIN_SELF = YES;
				CLANG_WARN_OBJC_LITERAL_CONVERSION = YES;
				CLANG_WARN_OBJC_ROOT_CLASS = YES_ERROR;
				CLANG_WARN_RANGE_LOOP_ANALYSIS = YES;
				CLANG_WARN_STRICT_PROTOTYPES = YES;
				CLANG_WARN_SUSPICIOUS_MOVE = YES;
				CLANG_WARN_UNGUARDED_AVAILABILITY = YES_AGGRESSIVE;
				CLANG_WARN_UNREACHABLE_CODE = YES;
				CLANG_WARN__DUPLICATE_METHOD_MATCH = YES;
				CODE_SIGN_IDENTITY = "iPhone Developer";
				COPY_PHASE_STRIP = NO;
				DEBUG_INFORMATION_FORMAT = "dwarf-with-dsym";
				ENABLE_NS_ASSERTIONS = NO;
				ENABLE_STRICT_OBJC_MSGSEND = YES;
				GCC_C_LANGUAGE_STANDARD = gnu11;
				GCC_NO_COMMON_BLOCKS = YES;
				GCC_WARN_64_TO_32_BIT_CONVERSION = YES;
				GCC_WARN_ABOUT_RETURN_TYPE = YES_ERROR;
				GCC_WARN_UNDECLARED_SELECTOR = YES;
				GCC_WARN_UNINITIALIZED_AUTOS = YES_AGGRESSIVE;
				GCC_WARN_UNUSED_FUNCTION = YES;
				GCC_WARN_UNUSED_VARIABLE = YES;
				IPHONEOS_DEPLOYMENT_TARGET = 12.4;
				MTL_ENABLE_DEBUG_INFO = NO;
				MTL_FAST_MATH = YES;
				SDKROOT = iphoneos;
				SWIFT_COMPILATION_MODE = wholemodule;
				SWIFT_OPTIMIZATION_LEVEL = "-O";
				VALIDATE_PRODUCT = YES;
			};
			name = Release;
		};
		43831641238AE98F0055E923 /* Debug */ = {
			isa = XCBuildConfiguration;
			buildSettings = {
				ASSETCATALOG_COMPILER_APPICON_NAME = AppIcon;
				CODE_SIGN_STYLE = Automatic;
				INFOPLIST_FILE = EmojiArt/Info.plist;
				LD_RUNPATH_SEARCH_PATHS = (
					"$(inherited)",
					"@executable_path/Frameworks",
				);
				PRODUCT_BUNDLE_IDENTIFIER = com.hansol.EmojiArt;
				PRODUCT_NAME = "$(TARGET_NAME)";
				SWIFT_VERSION = 5.0;
				TARGETED_DEVICE_FAMILY = "1,2";
			};
			name = Debug;
		};
		43831642238AE98F0055E923 /* Release */ = {
			isa = XCBuildConfiguration;
			buildSettings = {
				ASSETCATALOG_COMPILER_APPICON_NAME = AppIcon;
				CODE_SIGN_STYLE = Automatic;
				INFOPLIST_FILE = EmojiArt/Info.plist;
				LD_RUNPATH_SEARCH_PATHS = (
					"$(inherited)",
					"@executable_path/Frameworks",
				);
				PRODUCT_BUNDLE_IDENTIFIER = com.hansol.EmojiArt;
				PRODUCT_NAME = "$(TARGET_NAME)";
				SWIFT_VERSION = 5.0;
				TARGETED_DEVICE_FAMILY = "1,2";
			};
			name = Release;
		};
/* End XCBuildConfiguration section */

/* Begin XCConfigurationList section */
		43831629238AE98C0055E923 /* Build configuration list for PBXProject "EmojiArt" */ = {
			isa = XCConfigurationList;
			buildConfigurations = (
				4383163E238AE98F0055E923 /* Debug */,
				4383163F238AE98F0055E923 /* Release */,
			);
			defaultConfigurationIsVisible = 0;
			defaultConfigurationName = Release;
		};
		43831640238AE98F0055E923 /* Build configuration list for PBXNativeTarget "EmojiArt" */ = {
			isa = XCConfigurationList;
			buildConfigurations = (
				43831641238AE98F0055E923 /* Debug */,
				43831642238AE98F0055E923 /* Release */,
			);
			defaultConfigurationIsVisible = 0;
			defaultConfigurationName = Release;
		};
/* End XCConfigurationList section */
	};
	rootObject = 43831626238AE98C0055E923 /* Project object */;
}
